
Microsoft Visual Studio Solution File, Format Version 12.00
# Visual Studio 15
VisualStudioVersion = 15.0.28307.421
MinimumVisualStudioVersion = 10.0.40219.1
Project("{FAE04EC0-301F-11D3-BF4B-00C04F79EFBC}") = "webEval", "webEval\webEval.csproj", "{8F63FB22-7115-48BE-A342-6A1A8DD8E582}"
EndProject
Global
	GlobalSection(SolutionConfigurationPlatforms) = preSolution
		Debug|Any CPU = Debug|Any CPU
		Release|Any CPU = Release|Any CPU
	EndGlobalSection
	GlobalSection(ProjectConfigurationPlatforms) = postSolution
		{8F63FB22-7115-48BE-A342-6A1A8DD8E582}.Debug|Any CPU.ActiveCfg = Debug|Any CPU
		{8F63FB22-7115-48BE-A342-6A1A8DD8E582}.Debug|Any CPU.Build.0 = Debug|Any CPU
		{8F63FB22-7115-48BE-A342-6A1A8DD8E582}.Release|Any CPU.ActiveCfg = Release|Any CPU
		{8F63FB22-7115-48BE-A342-6A1A8DD8E582}.Release|Any CPU.Build.0 = Release|Any CPU
	EndGlobalSection
	GlobalSection(SolutionProperties) = preSolution
		HideSolutionNode = FALSE
	EndGlobalSection
	GlobalSection(ExtensibilityGlobals) = postSolution
		SolutionGuid = {A75713C8-5CAB-4744-AEE3-A5A540F4AEF5}
	EndGlobalSection
EndGlobal
